
Microsoft Visual Studio Solution File, Format Version 12.00
# Visual Studio 15
VisualStudioVersion = 15.0.28307.1169
MinimumVisualStudioVersion = 10.0.40219.1
Project("{FAE04EC0-301F-11D3-BF4B-00C04F79EFBC}") = "webApi", "webApi\webApi.csproj", "{159AB1D4-FE6C-4C34-8501-7F1DA3EF6ABD}"
EndProject
Global
	GlobalSection(SolutionConfigurationPlatforms) = preSolution
		Debug|Any CPU = Debug|Any CPU
		Release|Any CPU = Release|Any CPU
	EndGlobalSection
	GlobalSection(ProjectConfigurationPlatforms) = postSolution
		{159AB1D4-FE6C-4C34-8501-7F1DA3EF6ABD}.Debug|Any CPU.ActiveCfg = Debug|Any CPU
		{159AB1D4-FE6C-4C34-8501-7F1DA3EF6ABD}.Debug|Any CPU.Build.0 = Debug|Any CPU
		{159AB1D4-FE6C-4C34-8501-7F1DA3EF6ABD}.Release|Any CPU.ActiveCfg = Release|Any CPU
		{159AB1D4-FE6C-4C34-8501-7F1DA3EF6ABD}.Release|Any CPU.Build.0 = Release|Any CPU
	EndGlobalSection
	GlobalSection(SolutionProperties) = preSolution
		HideSolutionNode = FALSE
	EndGlobalSection
	GlobalSection(ExtensibilityGlobals) = postSolution
		SolutionGuid = {49FA9A64-4065-49FA-AAAC-6834AAA4AAA8}
	EndGlobalSection
EndGlobal
